{
  "name": "facee",
  "requires": true,
  "lockfileVersion": 1,
  "dependencies": {
    "recordrtc": {
      "version": "5.5.8",
      "resolved": "https://registry.npmjs.org/recordrtc/-/recordrtc-5.5.8.tgz",
      "integrity": "sha512-+BzbllHyL6Q8gAuaqjO8RdqofL4C6yI670hicMaUW/0dDsKHeKyz0S4M+n7sHnr4dP0LGWqcod6gazRMtXob6A=="
    }
  }
}
